// !$*UTF8*$!
{
	archiveVersion = 1;
	classes = {
	};
	objectVersion = 50;
	objects = {

/* Begin PBXBuildFile section */
		04AF1F8421E3369E00B84C75 /* AppDelegate.swift in Sources */ = {isa = PBXBuildFile; fileRef = 04AF1F8321E3369E00B84C75 /* AppDelegate.swift */; };
		04AF1F8621E3369E00B84C75 /* ViewController.swift in Sources */ = {isa = PBXBuildFile; fileRef = 04AF1F8521E3369E00B84C75 /* ViewController.swift */; };
		04AF1F8921E3369E00B84C75 /* Main.storyboard in Resources */ = {isa = PBXBuildFile; fileRef = 04AF1F8721E3369E00B84C75 /* Main.storyboard */; };
		04AF1F8B21E3369F00B84C75 /* Assets.xcassets in Resources */ = {isa = PBXBuildFile; fileRef = 04AF1F8A21E3369F00B84C75 /* Assets.xcassets */; };
		04AF1F8E21E3369F00B84C75 /* LaunchScreen.storyboard in Resources */ = {isa = PBXBuildFile; fileRef = 04AF1F8C21E3369F00B84C75 /* LaunchScreen.storyboard */; };
		04AF1F9921E3369F00B84C75 /* wechartworkTests.swift in Sources */ = {isa = PBXBuildFile; fileRef = 04AF1F9821E3369F00B84C75 /* wechartworkTests.swift */; };
		04AF1FA421E3369F00B84C75 /* wechartworkUITests.swift in Sources */ = {isa = PBXBuildFile; fileRef = 04AF1FA321E3369F00B84C75 /* wechartworkUITests.swift */; };
/* End PBXBuildFile section */

/* Begin PBXContainerItemProxy section */
		04AF1F9521E3369F00B84C75 /* PBXContainerItemProxy */ = {
			isa = PBXContainerItemProxy;
			containerPortal = 04AF1F7821E3369E00B84C75 /* Project object */;
			proxyType = 1;
			remoteGlobalIDString = 04AF1F7F21E3369E00B84C75;
			remoteInfo = wechartwork;
		};
		04AF1FA021E3369F00B84C75 /* PBXContainerItemProxy */ = {
			isa = PBXContainerItemProxy;
			containerPortal = 04AF1F7821E3369E00B84C75 /* Project object */;
			proxyType = 1;
			remoteGlobalIDString = 04AF1F7F21E3369E00B84C75;
			remoteInfo = wechartwork;
		};
/* End PBXContainerItemProxy section */

/* Begin PBXFileReference section */
		04AF1F8021E3369E00B84C75 /* wechartwork.app */ = {isa = PBXFileReference; explicitFileType = wrapper.application; includeInIndex = 0; path = wechartwork.app; sourceTree = BUILT_PRODUCTS_DIR; };
		04AF1F8321E3369E00B84C75 /* AppDelegate.swift */ = {isa = PBXFileReference; lastKnownFileType = sourcecode.swift; path = AppDelegate.swift; sourceTree = "<group>"; };
		04AF1F8521E3369E00B84C75 /* ViewController.swift */ = {isa = PBXFileReference; lastKnownFileType = sourcecode.swift; path = ViewController.swift; sourceTree = "<group>"; };
		04AF1F8821E3369E00B84C75 /* Base */ = {isa = PBXFileReference; lastKnownFileType = file.storyboard; name = Base; path = Base.lproj/Main.storyboard; sourceTree = "<group>"; };
		04AF1F8A21E3369F00B84C75 /* Assets.xcassets */ = {isa = PBXFileReference; lastKnownFileType = folder.assetcatalog; path = Assets.xcassets; sourceTree = "<group>"; };
		04AF1F8D21E3369F00B84C75 /* Base */ = {isa = PBXFileReference; lastKnownFileType = file.storyboard; name = Base; path = Base.lproj/LaunchScreen.storyboard; sourceTree = "<group>"; };
		04AF1F8F21E3369F00B84C75 /* Info.plist */ = {isa = PBXFileReference; lastKnownFileType = text.plist.xml; path = Info.plist; sourceTree = "<group>"; };
		04AF1F9421E3369F00B84C75 /* wechartworkTests.xctest */ = {isa = PBXFileReference; explicitFileType = wrapper.cfbundle; includeInIndex = 0; path = wechartworkTests.xctest; sourceTree = BUILT_PRODUCTS_DIR; };
		04AF1F9821E3369F00B84C75 /* wechartworkTests.swift */ = {isa = PBXFileReference; lastKnownFileType = sourcecode.swift; path = wechartworkTests.swift; sourceTree = "<group>"; };
		04AF1F9A21E3369F00B84C75 /* Info.plist */ = {isa = PBXFileReference; lastKnownFileType = text.plist.xml; path = Info.plist; sourceTree = "<group>"; };
		04AF1F9F21E3369F00B84C75 /* wechartworkUITests.xctest */ = {isa = PBXFileReference; explicitFileType = wrapper.cfbundle; includeInIndex = 0; path = wechartworkUITests.xctest; sourceTree = BUILT_PRODUCTS_DIR; };
		04AF1FA321E3369F00B84C75 /* wechartworkUITests.swift */ = {isa = PBXFileReference; lastKnownFileType = sourcecode.swift; path = wechartworkUITests.swift; sourceTree = "<group>"; };
		04AF1FA521E3369F00B84C75 /* Info.plist */ = {isa = PBXFileReference; lastKnownFileType = text.plist.xml; path = Info.plist; sourceTree = "<group>"; };
/* End PBXFileReference section */

/* Begin PBXFrameworksBuildPhase section */
		04AF1F7D21E3369E00B84C75 /* Frameworks */ = {
			isa = PBXFrameworksBuildPhase;
			buildActionMask = 2147483647;
			files = (
			);
			runOnlyForDeploymentPostprocessing = 0;
		};
		04AF1F9121E3369F00B84C75 /* Frameworks */ = {
			isa = PBXFrameworksBuildPhase;
			buildActionMask = 2147483647;
			files = (
			);
			runOnlyForDeploymentPostprocessing = 0;
		};
		04AF1F9C21E3369F00B84C75 /* Frameworks */ = {
			isa = PBXFrameworksBuildPhase;
			buildActionMask = 2147483647;
			files = (
			);
			runOnlyForDeploymentPostprocessing = 0;
		};
/* End PBXFrameworksBuildPhase section */

/* Begin PBXGroup section */
		04AF1F7721E3369E00B84C75 = {
			isa = PBXGroup;
			children = (
				04AF1F8221E3369E00B84C75 /* wechartwork */,
				04AF1F9721E3369F00B84C75 /* wechartworkTests */,
				04AF1FA221E3369F00B84C75 /* wechartworkUITests */,
				04AF1F8121E3369E00B84C75 /* Products */,
			);
			sourceTree = "<group>";
		};
		04AF1F8121E3369E00B84C75 /* Products */ = {
			isa = PBXGroup;
			children = (
				04AF1F8021E3369E00B84C75 /* wechartwork.app */,
				04AF1F9421E3369F00B84C75 /* wechartworkTests.xctest */,
				04AF1F9F21E3369F00B84C75 /* wechartworkUITests.xctest */,
			);
			name = Products;
			sourceTree = "<group>";
		};
		04AF1F8221E3369E00B84C75 /* wechartwork */ = {
			isa = PBXGroup;
			children = (
				04AF1F8321E3369E00B84C75 /* AppDelegate.swift */,
				04AF1F8521E3369E00B84C75 /* ViewController.swift */,
				04AF1F8721E3369E00B84C75 /* Main.storyboard */,
				04AF1F8A21E3369F00B84C75 /* Assets.xcassets */,
				04AF1F8C21E3369F00B84C75 /* LaunchScreen.storyboard */,
				04AF1F8F21E3369F00B84C75 /* Info.plist */,
			);
			path = wechartwork;
			sourceTree = "<group>";
		};
		04AF1F9721E3369F00B84C75 /* wechartworkTests */ = {
			isa = PBXGroup;
			children = (
				04AF1F9821E3369F00B84C75 /* wechartworkTests.swift */,
				04AF1F9A21E3369F00B84C75 /* Info.plist */,
			);
			path = wechartworkTests;
			sourceTree = "<group>";
		};
		04AF1FA221E3369F00B84C75 /* wechartworkUITests */ = {
			isa = PBXGroup;
			children = (
				04AF1FA321E3369F00B84C75 /* wechartworkUITests.swift */,
				04AF1FA521E3369F00B84C75 /* Info.plist */,
			);
			path = wechartworkUITests;
			sourceTree = "<group>";
		};
/* End PBXGroup section */

/* Begin PBXNativeTarget section */
		04AF1F7F21E3369E00B84C75 /* wechartwork */ = {
			isa = PBXNativeTarget;
			buildConfigurationList = 04AF1FA821E3369F00B84C75 /* Build configuration list for PBXNativeTarget "wechartwork" */;
			buildPhases = (
				04AF1F7C21E3369E00B84C75 /* Sources */,
				04AF1F7D21E3369E00B84C75 /* Frameworks */,
				04AF1F7E21E3369E00B84C75 /* Resources */,
			);
			buildRules = (
			);
			dependencies = (
			);
			name = wechartwork;
			productName = wechartwork;
			productReference = 04AF1F8021E3369E00B84C75 /* wechartwork.app */;
			productType = "com.apple.product-type.application";
		};
		04AF1F9321E3369F00B84C75 /* wechartworkTests */ = {
			isa = PBXNativeTarget;
			buildConfigurationList = 04AF1FAB21E3369F00B84C75 /* Build configuration list for PBXNativeTarget "wechartworkTests" */;
			buildPhases = (
				04AF1F9021E3369F00B84C75 /* Sources */,
				04AF1F9121E3369F00B84C75 /* Frameworks */,
				04AF1F9221E3369F00B84C75 /* Resources */,
			);
			buildRules = (
			);
			dependencies = (
				04AF1F9621E3369F00B84C75 /* PBXTargetDependency */,
			);
			name = wechartworkTests;
			productName = wechartworkTests;
			productReference = 04AF1F9421E3369F00B84C75 /* wechartworkTests.xctest */;
			productType = "com.apple.product-type.bundle.unit-test";
		};
		04AF1F9E21E3369F00B84C75 /* wechartworkUITests */ = {
			isa = PBXNativeTarget;
			buildConfigurationList = 04AF1FAE21E3369F00B84C75 /* Build configuration list for PBXNativeTarget "wechartworkUITests" */;
			buildPhases = (
				04AF1F9B21E3369F00B84C75 /* Sources */,
				04AF1F9C21E3369F00B84C75 /* Frameworks */,
				04AF1F9D21E3369F00B84C75 /* Resources */,
			);
			buildRules = (
			);
			dependencies = (
				04AF1FA121E3369F00B84C75 /* PBXTargetDependency */,
			);
			name = wechartworkUITests;
			productName = wechartworkUITests;
			productReference = 04AF1F9F21E3369F00B84C75 /* wechartworkUITests.xctest */;
			productType = "com.apple.product-type.bundle.ui-testing";
		};
/* End PBXNativeTarget section */

/* Begin PBXProject section */
		04AF1F7821E3369E00B84C75 /* Project object */ = {
			isa = PBXProject;
			attributes = {
				LastSwiftUpdateCheck = 1010;
				LastUpgradeCheck = 1010;
				ORGANIZATIONNAME = henry;
				TargetAttributes = {
					04AF1F7F21E3369E00B84C75 = {
						CreatedOnToolsVersion = 10.1;
					};
					04AF1F9321E3369F00B84C75 = {
						CreatedOnToolsVersion = 10.1;
						TestTargetID = 04AF1F7F21E3369E00B84C75;
					};
					04AF1F9E21E3369F00B84C75 = {
						CreatedOnToolsVersion = 10.1;
						TestTargetID = 04AF1F7F21E3369E00B84C75;
					};
				};
			};
			buildConfigurationList = 04AF1F7B21E3369E00B84C75 /* Build configuration list for PBXProject "wechartwork" */;
			compatibilityVersion = "Xcode 9.3";
			developmentRegion = en;
			hasScannedForEncodings = 0;
			knownRegions = (
				en,
				Base,
			);
			mainGroup = 04AF1F7721E3369E00B84C75;
			productRefGroup = 04AF1F8121E3369E00B84C75 /* Products */;
			projectDirPath = "";
			projectRoot = "";
			targets = (
				04AF1F7F21E3369E00B84C75 /* wechartwork */,
				04AF1F9321E3369F00B84C75 /* wechartworkTests */,
				04AF1F9E21E3369F00B84C75 /* wechartworkUITests */,
			);
		};
/* End PBXProject section */

/* Begin PBXResourcesBuildPhase section */
		04AF1F7E21E3369E00B84C75 /* Resources */ = {
			isa = PBXResourcesBuildPhase;
			buildActionMask = 2147483647;
			files = (
				04AF1F8E21E3369F00B84C75 /* LaunchScreen.storyboard in Resources */,
				04AF1F8B21E3369F00B84C75 /* Assets.xcassets in Resources */,
				04AF1F8921E3369E00B84C75 /* Main.storyboard in Resources */,
			);
			runOnlyForDeploymentPostprocessing = 0;
		};
		04AF1F9221E3369F00B84C75 /* Resources */ = {
			isa = PBXResourcesBuildPhase;
			buildActionMask = 2147483647;
			files = (
			);
			runOnlyForDeploymentPostprocessing = 0;
		};
		04AF1F9D21E3369F00B84C75 /* Resources */ = {
			isa = PBXResourcesBuildPhase;
			buildActionMask = 2147483647;
			files = (
			);
			runOnlyForDeploymentPostprocessing = 0;
		};
/* End PBXResourcesBuildPhase section */

/* Begin PBXSourcesBuildPhase section */
		04AF1F7C21E3369E00B84C75 /* Sources */ = {
			isa = PBXSourcesBuildPhase;
			buildActionMask = 2147483647;
			files = (
				04AF1F8621E3369E00B84C75 /* ViewController.swift in Sources */,
				04AF1F8421E3369E00B84C75 /* AppDelegate.swift in Sources */,
			);
			runOnlyForDeploymentPostprocessing = 0;
		};
		04AF1F9021E3369F00B84C75 /* Sources */ = {
			isa = PBXSourcesBuildPhase;
			buildActionMask = 2147483647;
			files = (
				04AF1F9921E3369F00B84C75 /* wechartworkTests.swift in Sources */,
			);
			runOnlyForDeploymentPostprocessing = 0;
		};
		04AF1F9B21E3369F00B84C75 /* Sources */ = {
			isa = PBXSourcesBuildPhase;
			buildActionMask = 2147483647;
			files = (
				04AF1FA421E3369F00B84C75 /* wechartworkUITests.swift in Sources */,
			);
			runOnlyForDeploymentPostprocessing = 0;
		};
/* End PBXSourcesBuildPhase section */

/* Begin PBXTargetDependency section */
		04AF1F9621E3369F00B84C75 /* PBXTargetDependency */ = {
			isa = PBXTargetDependency;
			target = 04AF1F7F21E3369E00B84C75 /* wechartwork */;
			targetProxy = 04AF1F9521E3369F00B84C75 /* PBXContainerItemProxy */;
		};
		04AF1FA121E3369F00B84C75 /* PBXTargetDependency */ = {
			isa = PBXTargetDependency;
			target = 04AF1F7F21E3369E00B84C75 /* wechartwork */;
			targetProxy = 04AF1FA021E3369F00B84C75 /* PBXContainerItemProxy */;
		};
/* End PBXTargetDependency section */

/* Begin PBXVariantGroup section */
		04AF1F8721E3369E00B84C75 /* Main.storyboard */ = {
			isa = PBXVariantGroup;
			children = (
				04AF1F8821E3369E00B84C75 /* Base */,
			);
			name = Main.storyboard;
			sourceTree = "<group>";
		};
		04AF1F8C21E3369F00B84C75 /* LaunchScreen.storyboard */ = {
			isa = PBXVariantGroup;
			children = (
				04AF1F8D21E3369F00B84C75 /* Base */,
			);
			name = LaunchScreen.storyboard;
			sourceTree = "<group>";
		};
/* End PBXVariantGroup section */

/* Begin XCBuildConfiguration section */
		04AF1FA621E3369F00B84C75 /* Debug */ = {
			isa = XCBuildConfiguration;
			buildSettings = {
				ALWAYS_SEARCH_USER_PATHS = NO;
				CLANG_ANALYZER_NONNULL = YES;
				CLANG_ANALYZER_NUMBER_OBJECT_CONVERSION = YES_AGGRESSIVE;
				CLANG_CXX_LANGUAGE_STANDARD = "gnu++14";
				CLANG_CXX_LIBRARY = "libc++";
				CLANG_ENABLE_MODULES = YES;
				CLANG_ENABLE_OBJC_ARC = YES;
				CLANG_ENABLE_OBJC_WEAK = YES;
				CLANG_WARN_BLOCK_CAPTURE_AUTORELEASING = YES;
				CLANG_WARN_BOOL_CONVERSION = YES;
				CLANG_WARN_COMMA = YES;
				CLANG_WARN_CONSTANT_CONVERSION = YES;
				CLANG_WARN_DEPRECATED_OBJC_IMPLEMENTATIONS = YES;
				CLANG_WARN_DIRECT_OBJC_ISA_USAGE = YES_ERROR;
				CLANG_WARN_DOCUMENTATION_COMMENTS = YES;
				CLANG_WARN_EMPTY_BODY = YES;
				CLANG_WARN_ENUM_CONVERSION = YES;
				CLANG_WARN_INFINITE_RECURSION = YES;
				CLANG_WARN_INT_CONVERSION = YES;
				CLANG_WARN_NON_LITERAL_NULL_CONVERSION = YES;
				CLANG_WARN_OBJC_IMPLICIT_RETAIN_SELF = YES;
				CLANG_WARN_OBJC_LITERAL_CONVERSION = YES;
				CLANG_WARN_OBJC_ROOT_CLASS = YES_ERROR;
				CLANG_WARN_RANGE_LOOP_ANALYSIS = YES;
				CLANG_WARN_STRICT_PROTOTYPES = YES;
				CLANG_WARN_SUSPICIOUS_MOVE = YES;
				CLANG_WARN_UNGUARDED_AVAILABILITY = YES_AGGRESSIVE;
				CLANG_WARN_UNREACHABLE_CODE = YES;
				CLANG_WARN__DUPLICATE_METHOD_MATCH = YES;
				CODE_SIGN_IDENTITY = "iPhone Developer";
				COPY_PHASE_STRIP = NO;
				DEBUG_INFORMATION_FORMAT = dwarf;
				ENABLE_STRICT_OBJC_MSGSEND = YES;
				ENABLE_TESTABILITY = YES;
				GCC_C_LANGUAGE_STANDARD = gnu11;
				GCC_DYNAMIC_NO_PIC = NO;
				GCC_NO_COMMON_BLOCKS = YES;
				GCC_OPTIMIZATION_LEVEL = 0;
				GCC_PREPROCESSOR_DEFINITIONS = (
					"DEBUG=1",
					"$(inherited)",
				);
				GCC_WARN_64_TO_32_BIT_CONVERSION = YES;
				GCC_WARN_ABOUT_RETURN_TYPE = YES_ERROR;
				GCC_WARN_UNDECLARED_SELECTOR = YES;
				GCC_WARN_UNINITIALIZED_AUTOS = YES_AGGRESSIVE;
				GCC_WARN_UNUSED_FUNCTION = YES;
				GCC_WARN_UNUSED_VARIABLE = YES;
				IPHONEOS_DEPLOYMENT_TARGET = 12.1;
				MTL_ENABLE_DEBUG_INFO = INCLUDE_SOURCE;
				MTL_FAST_MATH = YES;
				ONLY_ACTIVE_ARCH = YES;
				SDKROOT = iphoneos;
				SWIFT_ACTIVE_COMPILATION_CONDITIONS = DEBUG;
				SWIFT_OPTIMIZATION_LEVEL = "-Onone";
			};
			name = Debug;
		};
		04AF1FA721E3369F00B84C75 /* Release */ = {
			isa = XCBuildConfiguration;
			buildSettings = {
				ALWAYS_SEARCH_USER_PATHS = NO;
				CLANG_ANALYZER_NONNULL = YES;
				CLANG_ANALYZER_NUMBER_OBJECT_CONVERSION = YES_AGGRESSIVE;
				CLANG_CXX_LANGUAGE_STANDARD = "gnu++14";
				CLANG_CXX_LIBRARY = "libc++";
				CLANG_ENABLE_MODULES = YES;
				CLANG_ENABLE_OBJC_ARC = YES;
				CLANG_ENABLE_OBJC_WEAK = YES;
				CLANG_WARN_BLOCK_CAPTURE_AUTORELEASING = YES;
				CLANG_WARN_BOOL_CONVERSION = YES;
				CLANG_WARN_COMMA = YES;
				CLANG_WARN_CONSTANT_CONVERSION = YES;
				CLANG_WARN_DEPRECATED_OBJC_IMPLEMENTATIONS = YES;
				CLANG_WARN_DIRECT_OBJC_ISA_USAGE = YES_ERROR;
				CLANG_WARN_DOCUMENTATION_COMMENTS = YES;
				CLANG_WARN_EMPTY_BODY = YES;
				CLANG_WARN_ENUM_CONVERSION = YES;
				CLANG_WARN_INFINITE_RECURSION = YES;
				CLANG_WARN_INT_CONVERSION = YES;
				CLANG_WARN_NON_LITERAL_NULL_CONVERSION = YES;
				CLANG_WARN_OBJC_IMPLICIT_RETAIN_SELF = YES;
				CLANG_WARN_OBJC_LITERAL_CONVERSION = YES;
				CLANG_WARN_OBJC_ROOT_CLASS = YES_ERROR;
				CLANG_WARN_RANGE_LOOP_ANALYSIS = YES;
				CLANG_WARN_STRICT_PROTOTYPES = YES;
				CLANG_WARN_SUSPICIOUS_MOVE = YES;
				CLANG_WARN_UNGUARDED_AVAILABILITY = YES_AGGRESSIVE;
				CLANG_WARN_UNREACHABLE_CODE = YES;
				CLANG_WARN__DUPLICATE_METHOD_MATCH = YES;
				CODE_SIGN_IDENTITY = "iPhone Developer";
				COPY_PHASE_STRIP = NO;
				DEBUG_INFORMATION_FORMAT = "dwarf-with-dsym";
				ENABLE_NS_ASSERTIONS = NO;
				ENABLE_STRICT_OBJC_MSGSEND = YES;
				GCC_C_LANGUAGE_STANDARD = gnu11;
				GCC_NO_COMMON_BLOCKS = YES;
				GCC_WARN_64_TO_32_BIT_CONVERSION = YES;
				GCC_WARN_ABOUT_RETURN_TYPE = YES_ERROR;
				GCC_WARN_UNDECLARED_SELECTOR = YES;
				GCC_WARN_UNINITIALIZED_AUTOS = YES_AGGRESSIVE;
				GCC_WARN_UNUSED_FUNCTION = YES;
				GCC_WARN_UNUSED_VARIABLE = YES;
				IPHONEOS_DEPLOYMENT_TARGET = 12.1;
				MTL_ENABLE_DEBUG_INFO = NO;
				MTL_FAST_MATH = YES;
				SDKROOT = iphoneos;
				SWIFT_COMPILATION_MODE = wholemodule;
				SWIFT_OPTIMIZATION_LEVEL = "-O";
				VALIDATE_PRODUCT = YES;
			};
			name = Release;
		};
		04AF1FA921E3369F00B84C75 /* Debug */ = {
			isa = XCBuildConfiguration;
			buildSettings = {
				ASSETCATALOG_COMPILER_APPICON_NAME = AppIcon;
				CODE_SIGN_STYLE = Automatic;
				INFOPLIST_FILE = wechartwork/Info.plist;
				LD_RUNPATH_SEARCH_PATHS = (
					"$(inherited)",
					"@executable_path/Frameworks",
				);
				PRODUCT_BUNDLE_IDENTIFIER = code.wechartwork;
				PRODUCT_NAME = "$(TARGET_NAME)";
				SWIFT_VERSION = 4.2;
				TARGETED_DEVICE_FAMILY = "1,2";
			};
			name = Debug;
		};
		04AF1FAA21E3369F00B84C75 /* Release */ = {
			isa = XCBuildConfiguration;
			buildSettings = {
				ASSETCATALOG_COMPILER_APPICON_NAME = AppIcon;
				CODE_SIGN_STYLE = Automatic;
				INFOPLIST_FILE = wechartwork/Info.plist;
				LD_RUNPATH_SEARCH_PATHS = (
					"$(inherited)",
					"@executable_path/Frameworks",
				);
				PRODUCT_BUNDLE_IDENTIFIER = code.wechartwork;
				PRODUCT_NAME = "$(TARGET_NAME)";
				SWIFT_VERSION = 4.2;
				TARGETED_DEVICE_FAMILY = "1,2";
			};
			name = Release;
		};
		04AF1FAC21E3369F00B84C75 /* Debug */ = {
			isa = XCBuildConfiguration;
			buildSettings = {
				ALWAYS_EMBED_SWIFT_STANDARD_LIBRARIES = YES;
				BUNDLE_LOADER = "$(TEST_HOST)";
				CODE_SIGN_STYLE = Automatic;
				INFOPLIST_FILE = wechartworkTests/Info.plist;
				LD_RUNPATH_SEARCH_PATHS = (
					"$(inherited)",
					"@executable_path/Frameworks",
					"@loader_path/Frameworks",
				);
				PRODUCT_BUNDLE_IDENTIFIER = code.wechartworkTests;
				PRODUCT_NAME = "$(TARGET_NAME)";
				SWIFT_VERSION = 4.2;
				TARGETED_DEVICE_FAMILY = "1,2";
				TEST_HOST = "$(BUILT_PRODUCTS_DIR)/wechartwork.app/wechartwork";
			};
			name = Debug;
		};
		04AF1FAD21E3369F00B84C75 /* Release */ = {
			isa = XCBuildConfiguration;
			buildSettings = {
				ALWAYS_EMBED_SWIFT_STANDARD_LIBRARIES = YES;
				BUNDLE_LOADER = "$(TEST_HOST)";
				CODE_SIGN_STYLE = Automatic;
				INFOPLIST_FILE = wechartworkTests/Info.plist;
				LD_RUNPATH_SEARCH_PATHS = (
					"$(inherited)",
					"@executable_path/Frameworks",
					"@loader_path/Frameworks",
				);
				PRODUCT_BUNDLE_IDENTIFIER = code.wechartworkTests;
				PRODUCT_NAME = "$(TARGET_NAME)";
				SWIFT_VERSION = 4.2;
				TARGETED_DEVICE_FAMILY = "1,2";
				TEST_HOST = "$(BUILT_PRODUCTS_DIR)/wechartwork.app/wechartwork";
			};
			name = Release;
		};
		04AF1FAF21E3369F00B84C75 /* Debug */ = {
			isa = XCBuildConfiguration;
			buildSettings = {
				ALWAYS_EMBED_SWIFT_STANDARD_LIBRARIES = YES;
				CODE_SIGN_STYLE = Automatic;
				INFOPLIST_FILE = wechartworkUITests/Info.plist;
				LD_RUNPATH_SEARCH_PATHS = (
					"$(inherited)",
					"@executable_path/Frameworks",
					"@loader_path/Frameworks",
				);
				PRODUCT_BUNDLE_IDENTIFIER = code.wechartworkUITests;
				PRODUCT_NAME = "$(TARGET_NAME)";
				SWIFT_VERSION = 4.2;
				TARGETED_DEVICE_FAMILY = "1,2";
				TEST_TARGET_NAME = wechartwork;
			};
			name = Debug;
		};
		04AF1FB021E3369F00B84C75 /* Release */ = {
			isa = XCBuildConfiguration;
			buildSettings = {
				ALWAYS_EMBED_SWIFT_STANDARD_LIBRARIES = YES;
				CODE_SIGN_STYLE = Automatic;
				INFOPLIST_FILE = wechartworkUITests/Info.plist;
				LD_RUNPATH_SEARCH_PATHS = (
					"$(inherited)",
					"@executable_path/Frameworks",
					"@loader_path/Frameworks",
				);
				PRODUCT_BUNDLE_IDENTIFIER = code.wechartworkUITests;
				PRODUCT_NAME = "$(TARGET_NAME)";
				SWIFT_VERSION = 4.2;
				TARGETED_DEVICE_FAMILY = "1,2";
				TEST_TARGET_NAME = wechartwork;
			};
			name = Release;
		};
/* End XCBuildConfiguration section */

/* Begin XCConfigurationList section */
		04AF1F7B21E3369E00B84C75 /* Build configuration list for PBXProject "wechartwork" */ = {
			isa = XCConfigurationList;
			buildConfigurations = (
				04AF1FA621E3369F00B84C75 /* Debug */,
				04AF1FA721E3369F00B84C75 /* Release */,
			);
			defaultConfigurationIsVisible = 0;
			defaultConfigurationName = Release;
		};
		04AF1FA821E3369F00B84C75 /* Build configuration list for PBXNativeTarget "wechartwork" */ = {
			isa = XCConfigurationList;
			buildConfigurations = (
				04AF1FA921E3369F00B84C75 /* Debug */,
				04AF1FAA21E3369F00B84C75 /* Release */,
			);
			defaultConfigurationIsVisible = 0;
			defaultConfigurationName = Release;
		};
		04AF1FAB21E3369F00B84C75 /* Build configuration list for PBXNativeTarget "wechartworkTests" */ = {
			isa = XCConfigurationList;
			buildConfigurations = (
				04AF1FAC21E3369F00B84C75 /* Debug */,
				04AF1FAD21E3369F00B84C75 /* Release */,
			);
			defaultConfigurationIsVisible = 0;
			defaultConfigurationName = Release;
		};
		04AF1FAE21E3369F00B84C75 /* Build configuration list for PBXNativeTarget "wechartworkUITests" */ = {
			isa = XCConfigurationList;
			buildConfigurations = (
				04AF1FAF21E3369F00B84C75 /* Debug */,
				04AF1FB021E3369F00B84C75 /* Release */,
			);
			defaultConfigurationIsVisible = 0;
			defaultConfigurationName = Release;
		};
/* End XCConfigurationList section */
	};
	rootObject = 04AF1F7821E3369E00B84C75 /* Project object */;
}
